{
  "object": {
    "pins": [
      {
        "package": "CartesianProduct",
        "repositoryURL": "https://github.com/felginep/CartesianProduct.git",
        "state": {
          "branch": null,
          "revision": "81d1e2b9ce0d73339c2487bbe327eec57a8f942d",
          "version": "0.0.1"
        }
      },
      {
        "package": "swift-argument-parser",
        "repositoryURL": "https://github.com/apple/swift-argument-parser",
        "state": {
          "branch": null,
          "revision": "e1465042f195f374b94f915ba8ca49de24300a0d",
          "version": "1.0.2"
        }
      }
    ]
  },
  "version": 1
}
